
Microsoft Visual Studio Solution File, Format Version 12.00
# Visual Studio Version 16
VisualStudioVersion = 16.0.30804.86
MinimumVisualStudioVersion = 10.0.40219.1
Project("{FAE04EC0-301F-11D3-BF4B-00C04F79EFBC}") = "CalculateProject", "CalculateProject\CalculateProject.csproj", "{A8878C0B-C652-4A64-B96A-F23A7F084D26}"
EndProject
Project("{FAE04EC0-301F-11D3-BF4B-00C04F79EFBC}") = "CalculateTest.unit", "CalculateTest.unit\CalculateTest.unit.csproj", "{03E125E4-2A71-4036-8154-983136298563}"
EndProject
Global
	GlobalSection(SolutionConfigurationPlatforms) = preSolution
		Debug|Any CPU = Debug|Any CPU
		Release|Any CPU = Release|Any CPU
	EndGlobalSection
	GlobalSection(ProjectConfigurationPlatforms) = postSolution
		{A8878C0B-C652-4A64-B96A-F23A7F084D26}.Debug|Any CPU.ActiveCfg = Debug|Any CPU
		{A8878C0B-C652-4A64-B96A-F23A7F084D26}.Debug|Any CPU.Build.0 = Debug|Any CPU
		{A8878C0B-C652-4A64-B96A-F23A7F084D26}.Release|Any CPU.ActiveCfg = Release|Any CPU
		{A8878C0B-C652-4A64-B96A-F23A7F084D26}.Release|Any CPU.Build.0 = Release|Any CPU
		{03E125E4-2A71-4036-8154-983136298563}.Debug|Any CPU.ActiveCfg = Debug|Any CPU
		{03E125E4-2A71-4036-8154-983136298563}.Debug|Any CPU.Build.0 = Debug|Any CPU
		{03E125E4-2A71-4036-8154-983136298563}.Release|Any CPU.ActiveCfg = Release|Any CPU
		{03E125E4-2A71-4036-8154-983136298563}.Release|Any CPU.Build.0 = Release|Any CPU
	EndGlobalSection
	GlobalSection(SolutionProperties) = preSolution
		HideSolutionNode = FALSE
	EndGlobalSection
	GlobalSection(ExtensibilityGlobals) = postSolution
		SolutionGuid = {2A14E942-76E1-42E7-95ED-A8E6CB5C2303}
	EndGlobalSection
EndGlobal
